
Microsoft Visual Studio Solution File, Format Version 12.00
# Visual Studio Version 17
VisualStudioVersion = 17.12.35707.178 d17.12
MinimumVisualStudioVersion = 10.0.40219.1
Project("{FAE04EC0-301F-11D3-BF4B-00C04F79EFBC}") = "APP_Notas", "WinFormsApp1\APP_Notas.csproj", "{05BAA400-EF1E-4564-9586-5A63595E1E72}"
EndProject
Global
	GlobalSection(SolutionConfigurationPlatforms) = preSolution
		Debug|Any CPU = Debug|Any CPU
		Release|Any CPU = Release|Any CPU
	EndGlobalSection
	GlobalSection(ProjectConfigurationPlatforms) = postSolution
		{05BAA400-EF1E-4564-9586-5A63595E1E72}.Debug|Any CPU.ActiveCfg = Debug|Any CPU
		{05BAA400-EF1E-4564-9586-5A63595E1E72}.Debug|Any CPU.Build.0 = Debug|Any CPU
		{05BAA400-EF1E-4564-9586-5A63595E1E72}.Release|Any CPU.ActiveCfg = Release|Any CPU
		{05BAA400-EF1E-4564-9586-5A63595E1E72}.Release|Any CPU.Build.0 = Release|Any CPU
	EndGlobalSection
	GlobalSection(SolutionProperties) = preSolution
		HideSolutionNode = FALSE
	EndGlobalSection
EndGlobal
